
Microsoft Visual Studio Solution File, Format Version 12.00
# Visual Studio 2013
VisualStudioVersion = 12.0.30723.0
MinimumVisualStudioVersion = 10.0.40219.1
Project("{FAE04EC0-301F-11D3-BF4B-00C04F79EFBC}") = "LO30", "LO30\LO30.csproj", "{A2635D2D-3913-400A-9F2A-9786B8037085}"
EndProject
Project("{2150E333-8FDC-42A3-9474-1A3956D46DE8}") = ".nuget", ".nuget", "{7F4DB2CB-FDC7-4029-AA14-B42A8F8D8099}"
	ProjectSection(SolutionItems) = preProject
		.nuget\NuGet.Config = .nuget\NuGet.Config
		.nuget\NuGet.exe = .nuget\NuGet.exe
		.nuget\NuGet.targets = .nuget\NuGet.targets
	EndProjectSection
EndProject
Project("{FAE04EC0-301F-11D3-BF4B-00C04F79EFBC}") = "LO30Tests", "LO30Tests\LO30Tests.csproj", "{EF40382F-B2F0-46D9-A126-29B5BFAB6B2A}"
EndProject
Project("{2150E333-8FDC-42A3-9474-1A3956D46DE8}") = "Solution Items", "Solution Items", "{9B6D0B7A-9E25-4E31-A98E-376DA690351F}"
	ProjectSection(SolutionItems) = preProject
		Includes to Populate Fully.txt = Includes to Populate Fully.txt
		log.txt = log.txt
		startup-url.txt = startup-url.txt
	EndProjectSection
EndProject
Project("{FAE04EC0-301F-11D3-BF4B-00C04F79EFBC}") = "DataLoader", "DataLoader\DataLoader.csproj", "{33F22918-BF48-4CBD-A7ED-315E5B61CBDB}"
EndProject
Global
	GlobalSection(SolutionConfigurationPlatforms) = preSolution
		Debug|Any CPU = Debug|Any CPU
		Release|Any CPU = Release|Any CPU
	EndGlobalSection
	GlobalSection(ProjectConfigurationPlatforms) = postSolution
		{A2635D2D-3913-400A-9F2A-9786B8037085}.Debug|Any CPU.ActiveCfg = Debug|Any CPU
		{A2635D2D-3913-400A-9F2A-9786B8037085}.Debug|Any CPU.Build.0 = Debug|Any CPU
		{A2635D2D-3913-400A-9F2A-9786B8037085}.Release|Any CPU.ActiveCfg = Release|Any CPU
		{A2635D2D-3913-400A-9F2A-9786B8037085}.Release|Any CPU.Build.0 = Release|Any CPU
		{EF40382F-B2F0-46D9-A126-29B5BFAB6B2A}.Debug|Any CPU.ActiveCfg = Debug|Any CPU
		{EF40382F-B2F0-46D9-A126-29B5BFAB6B2A}.Debug|Any CPU.Build.0 = Debug|Any CPU
		{EF40382F-B2F0-46D9-A126-29B5BFAB6B2A}.Release|Any CPU.ActiveCfg = Release|Any CPU
		{EF40382F-B2F0-46D9-A126-29B5BFAB6B2A}.Release|Any CPU.Build.0 = Release|Any CPU
		{33F22918-BF48-4CBD-A7ED-315E5B61CBDB}.Debug|Any CPU.ActiveCfg = Debug|Any CPU
		{33F22918-BF48-4CBD-A7ED-315E5B61CBDB}.Debug|Any CPU.Build.0 = Debug|Any CPU
		{33F22918-BF48-4CBD-A7ED-315E5B61CBDB}.Release|Any CPU.ActiveCfg = Release|Any CPU
		{33F22918-BF48-4CBD-A7ED-315E5B61CBDB}.Release|Any CPU.Build.0 = Release|Any CPU
	EndGlobalSection
	GlobalSection(SolutionProperties) = preSolution
		HideSolutionNode = FALSE
	EndGlobalSection
	GlobalSection(ExtensibilityGlobals) = postSolution
		EnterpriseLibraryConfigurationToolBinariesPathV6 = packages\EnterpriseLibrary.Common.6.0.1304.0\lib\NET45;packages\EnterpriseLibrary.Logging.6.0.1304.0\lib\NET45
	EndGlobalSection
EndGlobal
